
Microsoft Visual Studio Solution File, Format Version 12.00
# Visual Studio Version 17
VisualStudioVersion = 17.0.31903.59
MinimumVisualStudioVersion = 10.0.40219.1
Project("{FAE04EC0-301F-11D3-BF4B-00C04F79EFBC}") = "stock-api", "stock-api\stock-api.csproj", "{05BE59EC-105C-4FEE-AA2F-A0775BFA5DBF}"
EndProject
Project("{FAE04EC0-301F-11D3-BF4B-00C04F79EFBC}") = "stock-shared", "stock-shared\stock-shared.csproj", "{94DC7BF1-9E37-4E18-B928-E0C488C88290}"
EndProject
Global
	GlobalSection(SolutionConfigurationPlatforms) = preSolution
		Debug|Any CPU = Debug|Any CPU
		Release|Any CPU = Release|Any CPU
	EndGlobalSection
	GlobalSection(SolutionProperties) = preSolution
		HideSolutionNode = FALSE
	EndGlobalSection
	GlobalSection(ProjectConfigurationPlatforms) = postSolution
		{05BE59EC-105C-4FEE-AA2F-A0775BFA5DBF}.Debug|Any CPU.ActiveCfg = Debug|Any CPU
		{05BE59EC-105C-4FEE-AA2F-A0775BFA5DBF}.Debug|Any CPU.Build.0 = Debug|Any CPU
		{05BE59EC-105C-4FEE-AA2F-A0775BFA5DBF}.Release|Any CPU.ActiveCfg = Release|Any CPU
		{05BE59EC-105C-4FEE-AA2F-A0775BFA5DBF}.Release|Any CPU.Build.0 = Release|Any CPU
		{94DC7BF1-9E37-4E18-B928-E0C488C88290}.Debug|Any CPU.ActiveCfg = Debug|Any CPU
		{94DC7BF1-9E37-4E18-B928-E0C488C88290}.Debug|Any CPU.Build.0 = Debug|Any CPU
		{94DC7BF1-9E37-4E18-B928-E0C488C88290}.Release|Any CPU.ActiveCfg = Release|Any CPU
		{94DC7BF1-9E37-4E18-B928-E0C488C88290}.Release|Any CPU.Build.0 = Release|Any CPU
	EndGlobalSection
EndGlobal
